
Microsoft Visual Studio Solution File, Format Version 12.00
# Visual Studio 15
VisualStudioVersion = 15.0.27428.2043
MinimumVisualStudioVersion = 10.0.40219.1
Project("{FAE04EC0-301F-11D3-BF4B-00C04F79EFBC}") = "RGR_first", "RGR_first\RGR_first.csproj", "{7F06E9B8-0700-4DFB-9D27-422C9E4A250F}"
EndProject
Global
	GlobalSection(SolutionConfigurationPlatforms) = preSolution
		Debug|Any CPU = Debug|Any CPU
		Release|Any CPU = Release|Any CPU
	EndGlobalSection
	GlobalSection(ProjectConfigurationPlatforms) = postSolution
		{7F06E9B8-0700-4DFB-9D27-422C9E4A250F}.Debug|Any CPU.ActiveCfg = Debug|Any CPU
		{7F06E9B8-0700-4DFB-9D27-422C9E4A250F}.Debug|Any CPU.Build.0 = Debug|Any CPU
		{7F06E9B8-0700-4DFB-9D27-422C9E4A250F}.Release|Any CPU.ActiveCfg = Release|Any CPU
		{7F06E9B8-0700-4DFB-9D27-422C9E4A250F}.Release|Any CPU.Build.0 = Release|Any CPU
	EndGlobalSection
	GlobalSection(SolutionProperties) = preSolution
		HideSolutionNode = FALSE
	EndGlobalSection
	GlobalSection(ExtensibilityGlobals) = postSolution
		SolutionGuid = {B799A42B-6D42-48B6-8D5B-30AC658EC446}
	EndGlobalSection
EndGlobal
